
Microsoft Visual Studio Solution File, Format Version 12.00
# Visual Studio Version 17
VisualStudioVersion = 17.2.32616.157
MinimumVisualStudioVersion = 10.0.40219.1
Project("{9A19103F-16F7-4668-BE54-9A1E7A4F7556}") = "Manage", "Academy1\Manage.csproj", "{A01E5D3D-C190-473E-B5FA-399262521AAB}"
EndProject
Project("{9A19103F-16F7-4668-BE54-9A1E7A4F7556}") = "EntityLibarary", "EntityLibrary\EntityLibarary.csproj", "{6C03C849-BE01-40F7-AFB5-6DDC3C08753A}"
EndProject
Project("{9A19103F-16F7-4668-BE54-9A1E7A4F7556}") = "DataLibrary", "RepositoryLibrary\DataLibrary.csproj", "{C93CC817-429D-4AE3-9879-714DA6130F55}"
EndProject
Global
	GlobalSection(SolutionConfigurationPlatforms) = preSolution
		Debug|Any CPU = Debug|Any CPU
		Release|Any CPU = Release|Any CPU
	EndGlobalSection
	GlobalSection(ProjectConfigurationPlatforms) = postSolution
		{A01E5D3D-C190-473E-B5FA-399262521AAB}.Debug|Any CPU.ActiveCfg = Debug|Any CPU
		{A01E5D3D-C190-473E-B5FA-399262521AAB}.Debug|Any CPU.Build.0 = Debug|Any CPU
		{A01E5D3D-C190-473E-B5FA-399262521AAB}.Release|Any CPU.ActiveCfg = Release|Any CPU
		{A01E5D3D-C190-473E-B5FA-399262521AAB}.Release|Any CPU.Build.0 = Release|Any CPU
		{6C03C849-BE01-40F7-AFB5-6DDC3C08753A}.Debug|Any CPU.ActiveCfg = Debug|Any CPU
		{6C03C849-BE01-40F7-AFB5-6DDC3C08753A}.Debug|Any CPU.Build.0 = Debug|Any CPU
		{6C03C849-BE01-40F7-AFB5-6DDC3C08753A}.Release|Any CPU.ActiveCfg = Release|Any CPU
		{6C03C849-BE01-40F7-AFB5-6DDC3C08753A}.Release|Any CPU.Build.0 = Release|Any CPU
		{C93CC817-429D-4AE3-9879-714DA6130F55}.Debug|Any CPU.ActiveCfg = Debug|Any CPU
		{C93CC817-429D-4AE3-9879-714DA6130F55}.Debug|Any CPU.Build.0 = Debug|Any CPU
		{C93CC817-429D-4AE3-9879-714DA6130F55}.Release|Any CPU.ActiveCfg = Release|Any CPU
		{C93CC817-429D-4AE3-9879-714DA6130F55}.Release|Any CPU.Build.0 = Release|Any CPU
	EndGlobalSection
	GlobalSection(SolutionProperties) = preSolution
		HideSolutionNode = FALSE
	EndGlobalSection
	GlobalSection(ExtensibilityGlobals) = postSolution
		SolutionGuid = {BA2E14B1-7F3F-4BE3-BA25-DEA53F11B095}
	EndGlobalSection
EndGlobal
